
Microsoft Visual Studio Solution File, Format Version 12.00
# Visual Studio Version 17
VisualStudioVersion = 17.5.33627.172
MinimumVisualStudioVersion = 10.0.40219.1
Project("{2150E333-8FDC-42A3-9474-1A3956D46DE8}") = "Services", "Services", "{97E58485-FBB2-4305-B8FF-57E88B3852FE}"
EndProject
Project("{2150E333-8FDC-42A3-9474-1A3956D46DE8}") = "Catalog", "Catalog", "{211E3602-2424-4C3C-8FFA-A21D733032CA}"
EndProject
Project("{2150E333-8FDC-42A3-9474-1A3956D46DE8}") = "Solution Items", "Solution Items", "{A1DEC5BB-BF3D-47D4-8C62-F39FFDCC465B}"
	ProjectSection(SolutionItems) = preProject
		.editorconfig = .editorconfig
		Ports.txt = Ports.txt
	EndProjectSection
EndProject
Project("{9A19103F-16F7-4668-BE54-9A1E7A4F7556}") = "MicroservicesPractice.Services.Catalog", "Services\Catalog\MicroservicesPractice.Services.Catalog\MicroservicesPractice.Services.Catalog.csproj", "{CA8655D0-6172-42DF-ACA4-A693B16D4DAA}"
EndProject
Project("{2150E333-8FDC-42A3-9474-1A3956D46DE8}") = "Shared", "Shared", "{A4175633-D0B7-48C5-B089-A225C36A62DF}"
EndProject
Project("{9A19103F-16F7-4668-BE54-9A1E7A4F7556}") = "MicroservicesPractice.Shared", "Shared\MicroservicesPractice.Shared\MicroservicesPractice.Shared.csproj", "{C94BC8F2-75A0-4BA1-A0AF-5742AB770886}"
EndProject
Project("{2150E333-8FDC-42A3-9474-1A3956D46DE8}") = "IdentityServer", "IdentityServer", "{05F881DC-534D-488D-922E-C209727EB401}"
EndProject
Project("{9A19103F-16F7-4668-BE54-9A1E7A4F7556}") = "MicroservicesPractice.IdentityServer", "IdentityServer\MicroservicesPractice.IdentityServer\MicroservicesPractice.IdentityServer.csproj", "{7226CDD1-74E4-41A5-9D00-9E122FDDF610}"
EndProject
Project("{2150E333-8FDC-42A3-9474-1A3956D46DE8}") = "PhotoStock", "PhotoStock", "{214BF26A-F537-4BF2-8DC2-0B319F63938A}"
EndProject
Project("{9A19103F-16F7-4668-BE54-9A1E7A4F7556}") = "MicroservicesPractice.Services.PhotoStock", "Services\PhotoStock\MicroservicesPractice.Services.PhotoStock\MicroservicesPractice.Services.PhotoStock.csproj", "{CC4E3D37-D2F2-4749-B347-AFDD7668CBD2}"
EndProject
Project("{2150E333-8FDC-42A3-9474-1A3956D46DE8}") = "Basket", "Basket", "{62398AD4-309D-4E66-B16F-E704C4537F8F}"
EndProject
Project("{9A19103F-16F7-4668-BE54-9A1E7A4F7556}") = "MicroservicesPractice.Services.Basket", "Services\Basket\MicroservicesPractice.Services.Basket\MicroservicesPractice.Services.Basket.csproj", "{910DF2A8-CA9B-4952-9BEF-0E3F1DDEC443}"
EndProject
Project("{2150E333-8FDC-42A3-9474-1A3956D46DE8}") = "Discount", "Discount", "{DBA9957F-15EB-4636-A66A-F09637176FB4}"
EndProject
Project("{9A19103F-16F7-4668-BE54-9A1E7A4F7556}") = "MicroservicesPractice.Services.Discount", "Services\Discount\MicroservicesPractice.Services.Discount\MicroservicesPractice.Services.Discount.csproj", "{D8A5BBF1-A642-40C2-89D4-6AA5D1456262}"
EndProject
Project("{2150E333-8FDC-42A3-9474-1A3956D46DE8}") = "Order", "Order", "{9C38D10A-3F8E-4896-976B-FB6C069D5179}"
EndProject
Project("{9A19103F-16F7-4668-BE54-9A1E7A4F7556}") = "MicroservicesPractice.Services.Order.API", "Services\Order\MicroservicesPractice.Services.Order.API\MicroservicesPractice.Services.Order.API.csproj", "{C27CF4EA-40AB-4C06-ADE8-036BF039835F}"
EndProject
Project("{9A19103F-16F7-4668-BE54-9A1E7A4F7556}") = "MicroservicesPractice.Services.Order.Application", "Services\Order\MicroservicesPractice.Services.Order.Application\MicroservicesPractice.Services.Order.Application.csproj", "{A1A11289-A465-4F35-82CA-D2763DBB91CD}"
EndProject
Project("{9A19103F-16F7-4668-BE54-9A1E7A4F7556}") = "MicroservicesPractice.Services.Order.Domain", "Services\Order\MicroservicesPractice.Services.Order.Domain\MicroservicesPractice.Services.Order.Domain.csproj", "{B45FBD85-32AC-4C07-A2D8-76CE62D020B1}"
EndProject
Project("{9A19103F-16F7-4668-BE54-9A1E7A4F7556}") = "MicroservicesPractice.Services.Order.Domain.Core", "Services\Order\MicroservicesPractice.Services.Order.Domain.Core\MicroservicesPractice.Services.Order.Domain.Core.csproj", "{1E697BF8-EB23-4FEC-9809-C6E04FF52BCA}"
EndProject
Project("{9A19103F-16F7-4668-BE54-9A1E7A4F7556}") = "MicroservicesPractice.Services.Order.Infrastructure", "Services\Order\MicroservicesPractice.Services.Order.Infrastructure\MicroservicesPractice.Services.Order.Infrastructure.csproj", "{06A6EF63-67BC-4125-879F-E19D576AAB59}"
EndProject
Project("{2150E333-8FDC-42A3-9474-1A3956D46DE8}") = "FakePayment", "FakePayment", "{3FA7FB6E-10AA-4E7D-ADBB-68DEA880FA5D}"
EndProject
Project("{9A19103F-16F7-4668-BE54-9A1E7A4F7556}") = "MicroservicesPractice.Services.FakePayment", "Services\FakePayment\MicroservicesPractice.Services.FakePayment\MicroservicesPractice.Services.FakePayment.csproj", "{4C5A0131-DC98-4C72-9459-10B0CCB5050C}"
EndProject
Project("{2150E333-8FDC-42A3-9474-1A3956D46DE8}") = "Gateways", "Gateways", "{50E4B088-439E-49F9-80B5-53E67211FBCF}"
EndProject
Project("{9A19103F-16F7-4668-BE54-9A1E7A4F7556}") = "MicroservicesPractice.Gateway", "Gateways\MicroservicesPractice.Gateway\MicroservicesPractice.Gateway.csproj", "{7FD1399D-A94A-41AA-9019-D027A3338B8E}"
EndProject
Project("{2150E333-8FDC-42A3-9474-1A3956D46DE8}") = "Frontends", "Frontends", "{0AE91288-0661-46D7-9E61-ED5EB8C6B70D}"
EndProject
Project("{FAE04EC0-301F-11D3-BF4B-00C04F79EFBC}") = "MicroservicesPractice.Web", "Frontends\MicroservicesPractice.Web\MicroservicesPractice.Web.csproj", "{8001DB64-6448-4BDC-AA80-CEAB98E19FB8}"
EndProject
Global
	GlobalSection(SolutionConfigurationPlatforms) = preSolution
		Debug|Any CPU = Debug|Any CPU
		Release|Any CPU = Release|Any CPU
	EndGlobalSection
	GlobalSection(ProjectConfigurationPlatforms) = postSolution
		{CA8655D0-6172-42DF-ACA4-A693B16D4DAA}.Debug|Any CPU.ActiveCfg = Debug|Any CPU
		{CA8655D0-6172-42DF-ACA4-A693B16D4DAA}.Debug|Any CPU.Build.0 = Debug|Any CPU
		{CA8655D0-6172-42DF-ACA4-A693B16D4DAA}.Release|Any CPU.ActiveCfg = Release|Any CPU
		{CA8655D0-6172-42DF-ACA4-A693B16D4DAA}.Release|Any CPU.Build.0 = Release|Any CPU
		{C94BC8F2-75A0-4BA1-A0AF-5742AB770886}.Debug|Any CPU.ActiveCfg = Debug|Any CPU
		{C94BC8F2-75A0-4BA1-A0AF-5742AB770886}.Debug|Any CPU.Build.0 = Debug|Any CPU
		{C94BC8F2-75A0-4BA1-A0AF-5742AB770886}.Release|Any CPU.ActiveCfg = Release|Any CPU
		{C94BC8F2-75A0-4BA1-A0AF-5742AB770886}.Release|Any CPU.Build.0 = Release|Any CPU
		{7226CDD1-74E4-41A5-9D00-9E122FDDF610}.Debug|Any CPU.ActiveCfg = Debug|Any CPU
		{7226CDD1-74E4-41A5-9D00-9E122FDDF610}.Debug|Any CPU.Build.0 = Debug|Any CPU
		{7226CDD1-74E4-41A5-9D00-9E122FDDF610}.Release|Any CPU.ActiveCfg = Release|Any CPU
		{7226CDD1-74E4-41A5-9D00-9E122FDDF610}.Release|Any CPU.Build.0 = Release|Any CPU
		{CC4E3D37-D2F2-4749-B347-AFDD7668CBD2}.Debug|Any CPU.ActiveCfg = Debug|Any CPU
		{CC4E3D37-D2F2-4749-B347-AFDD7668CBD2}.Debug|Any CPU.Build.0 = Debug|Any CPU
		{CC4E3D37-D2F2-4749-B347-AFDD7668CBD2}.Release|Any CPU.ActiveCfg = Release|Any CPU
		{CC4E3D37-D2F2-4749-B347-AFDD7668CBD2}.Release|Any CPU.Build.0 = Release|Any CPU
		{910DF2A8-CA9B-4952-9BEF-0E3F1DDEC443}.Debug|Any CPU.ActiveCfg = Debug|Any CPU
		{910DF2A8-CA9B-4952-9BEF-0E3F1DDEC443}.Debug|Any CPU.Build.0 = Debug|Any CPU
		{910DF2A8-CA9B-4952-9BEF-0E3F1DDEC443}.Release|Any CPU.ActiveCfg = Release|Any CPU
		{910DF2A8-CA9B-4952-9BEF-0E3F1DDEC443}.Release|Any CPU.Build.0 = Release|Any CPU
		{D8A5BBF1-A642-40C2-89D4-6AA5D1456262}.Debug|Any CPU.ActiveCfg = Debug|Any CPU
		{D8A5BBF1-A642-40C2-89D4-6AA5D1456262}.Debug|Any CPU.Build.0 = Debug|Any CPU
		{D8A5BBF1-A642-40C2-89D4-6AA5D1456262}.Release|Any CPU.ActiveCfg = Release|Any CPU
		{D8A5BBF1-A642-40C2-89D4-6AA5D1456262}.Release|Any CPU.Build.0 = Release|Any CPU
		{C27CF4EA-40AB-4C06-ADE8-036BF039835F}.Debug|Any CPU.ActiveCfg = Debug|Any CPU
		{C27CF4EA-40AB-4C06-ADE8-036BF039835F}.Debug|Any CPU.Build.0 = Debug|Any CPU
		{C27CF4EA-40AB-4C06-ADE8-036BF039835F}.Release|Any CPU.ActiveCfg = Release|Any CPU
		{C27CF4EA-40AB-4C06-ADE8-036BF039835F}.Release|Any CPU.Build.0 = Release|Any CPU
		{A1A11289-A465-4F35-82CA-D2763DBB91CD}.Debug|Any CPU.ActiveCfg = Debug|Any CPU
		{A1A11289-A465-4F35-82CA-D2763DBB91CD}.Debug|Any CPU.Build.0 = Debug|Any CPU
		{A1A11289-A465-4F35-82CA-D2763DBB91CD}.Release|Any CPU.ActiveCfg = Release|Any CPU
		{A1A11289-A465-4F35-82CA-D2763DBB91CD}.Release|Any CPU.Build.0 = Release|Any CPU
		{B45FBD85-32AC-4C07-A2D8-76CE62D020B1}.Debug|Any CPU.ActiveCfg = Debug|Any CPU
		{B45FBD85-32AC-4C07-A2D8-76CE62D020B1}.Debug|Any CPU.Build.0 = Debug|Any CPU
		{B45FBD85-32AC-4C07-A2D8-76CE62D020B1}.Release|Any CPU.ActiveCfg = Release|Any CPU
		{B45FBD85-32AC-4C07-A2D8-76CE62D020B1}.Release|Any CPU.Build.0 = Release|Any CPU
		{1E697BF8-EB23-4FEC-9809-C6E04FF52BCA}.Debug|Any CPU.ActiveCfg = Debug|Any CPU
		{1E697BF8-EB23-4FEC-9809-C6E04FF52BCA}.Debug|Any CPU.Build.0 = Debug|Any CPU
		{1E697BF8-EB23-4FEC-9809-C6E04FF52BCA}.Release|Any CPU.ActiveCfg = Release|Any CPU
		{1E697BF8-EB23-4FEC-9809-C6E04FF52BCA}.Release|Any CPU.Build.0 = Release|Any CPU
		{06A6EF63-67BC-4125-879F-E19D576AAB59}.Debug|Any CPU.ActiveCfg = Debug|Any CPU
		{06A6EF63-67BC-4125-879F-E19D576AAB59}.Debug|Any CPU.Build.0 = Debug|Any CPU
		{06A6EF63-67BC-4125-879F-E19D576AAB59}.Release|Any CPU.ActiveCfg = Release|Any CPU
		{06A6EF63-67BC-4125-879F-E19D576AAB59}.Release|Any CPU.Build.0 = Release|Any CPU
		{4C5A0131-DC98-4C72-9459-10B0CCB5050C}.Debug|Any CPU.ActiveCfg = Debug|Any CPU
		{4C5A0131-DC98-4C72-9459-10B0CCB5050C}.Debug|Any CPU.Build.0 = Debug|Any CPU
		{4C5A0131-DC98-4C72-9459-10B0CCB5050C}.Release|Any CPU.ActiveCfg = Release|Any CPU
		{4C5A0131-DC98-4C72-9459-10B0CCB5050C}.Release|Any CPU.Build.0 = Release|Any CPU
		{7FD1399D-A94A-41AA-9019-D027A3338B8E}.Debug|Any CPU.ActiveCfg = Debug|Any CPU
		{7FD1399D-A94A-41AA-9019-D027A3338B8E}.Debug|Any CPU.Build.0 = Debug|Any CPU
		{7FD1399D-A94A-41AA-9019-D027A3338B8E}.Release|Any CPU.ActiveCfg = Release|Any CPU
		{7FD1399D-A94A-41AA-9019-D027A3338B8E}.Release|Any CPU.Build.0 = Release|Any CPU
		{8001DB64-6448-4BDC-AA80-CEAB98E19FB8}.Debug|Any CPU.ActiveCfg = Debug|Any CPU
		{8001DB64-6448-4BDC-AA80-CEAB98E19FB8}.Debug|Any CPU.Build.0 = Debug|Any CPU
		{8001DB64-6448-4BDC-AA80-CEAB98E19FB8}.Release|Any CPU.ActiveCfg = Release|Any CPU
		{8001DB64-6448-4BDC-AA80-CEAB98E19FB8}.Release|Any CPU.Build.0 = Release|Any CPU
	EndGlobalSection
	GlobalSection(SolutionProperties) = preSolution
		HideSolutionNode = FALSE
	EndGlobalSection
	GlobalSection(NestedProjects) = preSolution
		{211E3602-2424-4C3C-8FFA-A21D733032CA} = {97E58485-FBB2-4305-B8FF-57E88B3852FE}
		{CA8655D0-6172-42DF-ACA4-A693B16D4DAA} = {211E3602-2424-4C3C-8FFA-A21D733032CA}
		{C94BC8F2-75A0-4BA1-A0AF-5742AB770886} = {A4175633-D0B7-48C5-B089-A225C36A62DF}
		{7226CDD1-74E4-41A5-9D00-9E122FDDF610} = {05F881DC-534D-488D-922E-C209727EB401}
		{214BF26A-F537-4BF2-8DC2-0B319F63938A} = {97E58485-FBB2-4305-B8FF-57E88B3852FE}
		{CC4E3D37-D2F2-4749-B347-AFDD7668CBD2} = {214BF26A-F537-4BF2-8DC2-0B319F63938A}
		{62398AD4-309D-4E66-B16F-E704C4537F8F} = {97E58485-FBB2-4305-B8FF-57E88B3852FE}
		{910DF2A8-CA9B-4952-9BEF-0E3F1DDEC443} = {62398AD4-309D-4E66-B16F-E704C4537F8F}
		{DBA9957F-15EB-4636-A66A-F09637176FB4} = {97E58485-FBB2-4305-B8FF-57E88B3852FE}
		{D8A5BBF1-A642-40C2-89D4-6AA5D1456262} = {DBA9957F-15EB-4636-A66A-F09637176FB4}
		{9C38D10A-3F8E-4896-976B-FB6C069D5179} = {97E58485-FBB2-4305-B8FF-57E88B3852FE}
		{C27CF4EA-40AB-4C06-ADE8-036BF039835F} = {9C38D10A-3F8E-4896-976B-FB6C069D5179}
		{A1A11289-A465-4F35-82CA-D2763DBB91CD} = {9C38D10A-3F8E-4896-976B-FB6C069D5179}
		{B45FBD85-32AC-4C07-A2D8-76CE62D020B1} = {9C38D10A-3F8E-4896-976B-FB6C069D5179}
		{1E697BF8-EB23-4FEC-9809-C6E04FF52BCA} = {9C38D10A-3F8E-4896-976B-FB6C069D5179}
		{06A6EF63-67BC-4125-879F-E19D576AAB59} = {9C38D10A-3F8E-4896-976B-FB6C069D5179}
		{3FA7FB6E-10AA-4E7D-ADBB-68DEA880FA5D} = {97E58485-FBB2-4305-B8FF-57E88B3852FE}
		{4C5A0131-DC98-4C72-9459-10B0CCB5050C} = {3FA7FB6E-10AA-4E7D-ADBB-68DEA880FA5D}
		{7FD1399D-A94A-41AA-9019-D027A3338B8E} = {50E4B088-439E-49F9-80B5-53E67211FBCF}
		{8001DB64-6448-4BDC-AA80-CEAB98E19FB8} = {0AE91288-0661-46D7-9E61-ED5EB8C6B70D}
	EndGlobalSection
	GlobalSection(ExtensibilityGlobals) = postSolution
		SolutionGuid = {94DC509B-4031-4EE3-8E70-2FF71BA76737}
	EndGlobalSection
EndGlobal
